
Microsoft Visual Studio Solution File, Format Version 12.00
# Visual Studio 15
VisualStudioVersion = 15.0.27701.1
MinimumVisualStudioVersion = 10.0.40219.1
Project("{9A19103F-16F7-4668-BE54-9A1E7A4F7556}") = "Rebec", "Rebec\Rebec.csproj", "{14805222-C02F-4BCD-AB7D-417E3B170FBF}"
EndProject
Project("{9A19103F-16F7-4668-BE54-9A1E7A4F7556}") = "Rebec.Sample", "Rebec.Sample\Rebec.Sample.csproj", "{804ED6C3-DD36-45EF-A684-5D55D02FA015}"
EndProject
Global
	GlobalSection(SolutionConfigurationPlatforms) = preSolution
		Debug|Any CPU = Debug|Any CPU
		Release|Any CPU = Release|Any CPU
	EndGlobalSection
	GlobalSection(ProjectConfigurationPlatforms) = postSolution
		{14805222-C02F-4BCD-AB7D-417E3B170FBF}.Debug|Any CPU.ActiveCfg = Debug|Any CPU
		{14805222-C02F-4BCD-AB7D-417E3B170FBF}.Debug|Any CPU.Build.0 = Debug|Any CPU
		{14805222-C02F-4BCD-AB7D-417E3B170FBF}.Release|Any CPU.ActiveCfg = Release|Any CPU
		{14805222-C02F-4BCD-AB7D-417E3B170FBF}.Release|Any CPU.Build.0 = Release|Any CPU
		{804ED6C3-DD36-45EF-A684-5D55D02FA015}.Debug|Any CPU.ActiveCfg = Debug|Any CPU
		{804ED6C3-DD36-45EF-A684-5D55D02FA015}.Debug|Any CPU.Build.0 = Debug|Any CPU
		{804ED6C3-DD36-45EF-A684-5D55D02FA015}.Release|Any CPU.ActiveCfg = Release|Any CPU
		{804ED6C3-DD36-45EF-A684-5D55D02FA015}.Release|Any CPU.Build.0 = Release|Any CPU
	EndGlobalSection
	GlobalSection(SolutionProperties) = preSolution
		HideSolutionNode = FALSE
	EndGlobalSection
	GlobalSection(ExtensibilityGlobals) = postSolution
		SolutionGuid = {F7370779-AEC7-43E6-9D8F-F994E12F2E73}
	EndGlobalSection
EndGlobal
